
Microsoft Visual Studio Solution File, Format Version 12.00
# Visual Studio Version 17
VisualStudioVersion = 17.2.32519.379
MinimumVisualStudioVersion = 10.0.40219.1
Project("{FAE04EC0-301F-11D3-BF4B-00C04F79EFBC}") = "LdUtils", "LdUtils.csproj", "{6EFBC1A4-F451-4181-89E0-7E88FC977494}"
EndProject
Global
	GlobalSection(SolutionConfigurationPlatforms) = preSolution
		Debug|Any CPU = Debug|Any CPU
		Release|Any CPU = Release|Any CPU
	EndGlobalSection
	GlobalSection(ProjectConfigurationPlatforms) = postSolution
		{6EFBC1A4-F451-4181-89E0-7E88FC977494}.Debug|Any CPU.ActiveCfg = Debug|Any CPU
		{6EFBC1A4-F451-4181-89E0-7E88FC977494}.Debug|Any CPU.Build.0 = Debug|Any CPU
		{6EFBC1A4-F451-4181-89E0-7E88FC977494}.Release|Any CPU.ActiveCfg = Release|Any CPU
		{6EFBC1A4-F451-4181-89E0-7E88FC977494}.Release|Any CPU.Build.0 = Release|Any CPU
	EndGlobalSection
	GlobalSection(SolutionProperties) = preSolution
		HideSolutionNode = FALSE
	EndGlobalSection
	GlobalSection(ExtensibilityGlobals) = postSolution
		SolutionGuid = {573BD615-3212-47CC-BCEB-F9E8857BE7D1}
	EndGlobalSection
EndGlobal
